
Microsoft Visual Studio Solution File, Format Version 12.00
# Visual Studio Version 17
VisualStudioVersion = 17.0.31903.59
MinimumVisualStudioVersion = 10.0.40219.1
Project("{2150E333-8FDC-42A3-9474-1A3956D46DE8}") = "src", "src", "{D5BBA6C9-B47D-42DB-8107-B52C55C74FA9}"
EndProject
Project("{9A19103F-16F7-4668-BE54-9A1E7A4F7556}") = "AuctionService", "src\AuctionService\AuctionService.csproj", "{7DC8CABF-7106-46EE-9EF4-3398161F014B}"
EndProject
Project("{2150E333-8FDC-42A3-9474-1A3956D46DE8}") = "Solution Items", "Solution Items", "{4A2944A9-3D47-436E-80A9-912E5FEBF82F}"
	ProjectSection(SolutionItems) = preProject
		docker-compose.yml = docker-compose.yml
	EndProjectSection
EndProject
Project("{FAE04EC0-301F-11D3-BF4B-00C04F79EFBC}") = "SearchService", "src\SearchService\SearchService.csproj", "{6F810BB8-924C-43C6-A10F-D01EDEF1872D}"
EndProject
Project("{FAE04EC0-301F-11D3-BF4B-00C04F79EFBC}") = "Contracts", "src\Contracts\Contracts.csproj", "{366A8F21-4752-4FF0-8597-57489DD8E5F5}"
EndProject
Project("{FAE04EC0-301F-11D3-BF4B-00C04F79EFBC}") = "IdentityService", "src\IdentityService\IdentityService.csproj", "{A7A1B11B-DC3F-4E05-BE29-C97B91442786}"
EndProject
Project("{FAE04EC0-301F-11D3-BF4B-00C04F79EFBC}") = "GatewayService", "src\GatewayService\GatewayService.csproj", "{085FF712-9900-44AD-83A1-C489A4AC38D5}"
EndProject
Global
	GlobalSection(SolutionConfigurationPlatforms) = preSolution
		Debug|Any CPU = Debug|Any CPU
		Release|Any CPU = Release|Any CPU
	EndGlobalSection
	GlobalSection(ProjectConfigurationPlatforms) = postSolution
		{7DC8CABF-7106-46EE-9EF4-3398161F014B}.Debug|Any CPU.ActiveCfg = Debug|Any CPU
		{7DC8CABF-7106-46EE-9EF4-3398161F014B}.Debug|Any CPU.Build.0 = Debug|Any CPU
		{7DC8CABF-7106-46EE-9EF4-3398161F014B}.Release|Any CPU.ActiveCfg = Release|Any CPU
		{7DC8CABF-7106-46EE-9EF4-3398161F014B}.Release|Any CPU.Build.0 = Release|Any CPU
		{6F810BB8-924C-43C6-A10F-D01EDEF1872D}.Debug|Any CPU.ActiveCfg = Debug|Any CPU
		{6F810BB8-924C-43C6-A10F-D01EDEF1872D}.Debug|Any CPU.Build.0 = Debug|Any CPU
		{6F810BB8-924C-43C6-A10F-D01EDEF1872D}.Release|Any CPU.ActiveCfg = Release|Any CPU
		{6F810BB8-924C-43C6-A10F-D01EDEF1872D}.Release|Any CPU.Build.0 = Release|Any CPU
		{366A8F21-4752-4FF0-8597-57489DD8E5F5}.Debug|Any CPU.ActiveCfg = Debug|Any CPU
		{366A8F21-4752-4FF0-8597-57489DD8E5F5}.Debug|Any CPU.Build.0 = Debug|Any CPU
		{366A8F21-4752-4FF0-8597-57489DD8E5F5}.Release|Any CPU.ActiveCfg = Release|Any CPU
		{366A8F21-4752-4FF0-8597-57489DD8E5F5}.Release|Any CPU.Build.0 = Release|Any CPU
		{A7A1B11B-DC3F-4E05-BE29-C97B91442786}.Debug|Any CPU.ActiveCfg = Debug|Any CPU
		{A7A1B11B-DC3F-4E05-BE29-C97B91442786}.Debug|Any CPU.Build.0 = Debug|Any CPU
		{A7A1B11B-DC3F-4E05-BE29-C97B91442786}.Release|Any CPU.ActiveCfg = Release|Any CPU
		{A7A1B11B-DC3F-4E05-BE29-C97B91442786}.Release|Any CPU.Build.0 = Release|Any CPU
		{085FF712-9900-44AD-83A1-C489A4AC38D5}.Debug|Any CPU.ActiveCfg = Debug|Any CPU
		{085FF712-9900-44AD-83A1-C489A4AC38D5}.Debug|Any CPU.Build.0 = Debug|Any CPU
		{085FF712-9900-44AD-83A1-C489A4AC38D5}.Release|Any CPU.ActiveCfg = Release|Any CPU
		{085FF712-9900-44AD-83A1-C489A4AC38D5}.Release|Any CPU.Build.0 = Release|Any CPU
	EndGlobalSection
	GlobalSection(SolutionProperties) = preSolution
		HideSolutionNode = FALSE
	EndGlobalSection
	GlobalSection(NestedProjects) = preSolution
		{7DC8CABF-7106-46EE-9EF4-3398161F014B} = {D5BBA6C9-B47D-42DB-8107-B52C55C74FA9}
		{6F810BB8-924C-43C6-A10F-D01EDEF1872D} = {D5BBA6C9-B47D-42DB-8107-B52C55C74FA9}
		{366A8F21-4752-4FF0-8597-57489DD8E5F5} = {D5BBA6C9-B47D-42DB-8107-B52C55C74FA9}
		{A7A1B11B-DC3F-4E05-BE29-C97B91442786} = {D5BBA6C9-B47D-42DB-8107-B52C55C74FA9}
		{085FF712-9900-44AD-83A1-C489A4AC38D5} = {D5BBA6C9-B47D-42DB-8107-B52C55C74FA9}
	EndGlobalSection
	GlobalSection(ExtensibilityGlobals) = postSolution
		SolutionGuid = {279242FB-FA25-4FD9-AF32-53FA1AB2E0E0}
	EndGlobalSection
EndGlobal
